// !$*UTF8*$!
{
	archiveVersion = 1;
	classes = {
	};
	objectVersion = 50;
	objects = {

/* Begin PBXBuildFile section */
		7673C244C2B4C7583FC98960 /* Pods_maskargo.framework in Frameworks */ = {isa = PBXBuildFile; fileRef = 551E2C36867C8A5007E9633E /* Pods_maskargo.framework */; };
		98400654214535FE0028BF79 /* AppDelegate.swift in Sources */ = {isa = PBXBuildFile; fileRef = 98400653214535FE0028BF79 /* AppDelegate.swift */; };
		98400656214535FE0028BF79 /* ViewController.swift in Sources */ = {isa = PBXBuildFile; fileRef = 98400655214535FE0028BF79 /* ViewController.swift */; };
		98400659214535FE0028BF79 /* Main.storyboard in Resources */ = {isa = PBXBuildFile; fileRef = 98400657214535FE0028BF79 /* Main.storyboard */; };
		9840065B214536000028BF79 /* Assets.xcassets in Resources */ = {isa = PBXBuildFile; fileRef = 9840065A214536000028BF79 /* Assets.xcassets */; };
		9840065E214536000028BF79 /* LaunchScreen.storyboard in Resources */ = {isa = PBXBuildFile; fileRef = 9840065C214536000028BF79 /* LaunchScreen.storyboard */; };
		984BE6822150B77400F438F9 /* Data.swift in Sources */ = {isa = PBXBuildFile; fileRef = 984BE6812150B77400F438F9 /* Data.swift */; };
		98792216217243A900A4F713 /* InformationViewController.swift in Sources */ = {isa = PBXBuildFile; fileRef = 98792215217243A900A4F713 /* InformationViewController.swift */; };
		987922182173466400A4F713 /* Constants.swift in Sources */ = {isa = PBXBuildFile; fileRef = 987922172173466400A4F713 /* Constants.swift */; };
		98E7EA67215FD5C30059DBD1 /* AWBViewController.swift in Sources */ = {isa = PBXBuildFile; fileRef = 98E7EA66215FD5C30059DBD1 /* AWBViewController.swift */; };
		98E7EA69215FD5D80059DBD1 /* AWBCell.swift in Sources */ = {isa = PBXBuildFile; fileRef = 98E7EA68215FD5D80059DBD1 /* AWBCell.swift */; };
		98E7EA6B215FD5F50059DBD1 /* AWBStatusCell.swift in Sources */ = {isa = PBXBuildFile; fileRef = 98E7EA6A215FD5F50059DBD1 /* AWBStatusCell.swift */; };
		98E7EA6D215FD6060059DBD1 /* AWBStatusViewController.swift in Sources */ = {isa = PBXBuildFile; fileRef = 98E7EA6C215FD6060059DBD1 /* AWBStatusViewController.swift */; };
/* End PBXBuildFile section */

/* Begin PBXFileReference section */
		551E2C36867C8A5007E9633E /* Pods_maskargo.framework */ = {isa = PBXFileReference; explicitFileType = wrapper.framework; includeInIndex = 0; path = Pods_maskargo.framework; sourceTree = BUILT_PRODUCTS_DIR; };
		98400650214535FE0028BF79 /* maskargo.app */ = {isa = PBXFileReference; explicitFileType = wrapper.application; includeInIndex = 0; path = maskargo.app; sourceTree = BUILT_PRODUCTS_DIR; };
		98400653214535FE0028BF79 /* AppDelegate.swift */ = {isa = PBXFileReference; lastKnownFileType = sourcecode.swift; path = AppDelegate.swift; sourceTree = "<group>"; };
		98400655214535FE0028BF79 /* ViewController.swift */ = {isa = PBXFileReference; lastKnownFileType = sourcecode.swift; path = ViewController.swift; sourceTree = "<group>"; };
		98400658214535FE0028BF79 /* Base */ = {isa = PBXFileReference; lastKnownFileType = file.storyboard; name = Base; path = Base.lproj/Main.storyboard; sourceTree = "<group>"; };
		9840065A214536000028BF79 /* Assets.xcassets */ = {isa = PBXFileReference; lastKnownFileType = folder.assetcatalog; path = Assets.xcassets; sourceTree = "<group>"; };
		9840065D214536000028BF79 /* Base */ = {isa = PBXFileReference; lastKnownFileType = file.storyboard; name = Base; path = Base.lproj/LaunchScreen.storyboard; sourceTree = "<group>"; };
		9840065F214536000028BF79 /* Info.plist */ = {isa = PBXFileReference; lastKnownFileType = text.plist.xml; path = Info.plist; sourceTree = "<group>"; };
		984BE6812150B77400F438F9 /* Data.swift */ = {isa = PBXFileReference; lastKnownFileType = sourcecode.swift; path = Data.swift; sourceTree = "<group>"; };
		98792215217243A900A4F713 /* InformationViewController.swift */ = {isa = PBXFileReference; lastKnownFileType = sourcecode.swift; path = InformationViewController.swift; sourceTree = "<group>"; };
		987922172173466400A4F713 /* Constants.swift */ = {isa = PBXFileReference; lastKnownFileType = sourcecode.swift; path = Constants.swift; sourceTree = "<group>"; };
		98E7EA66215FD5C30059DBD1 /* AWBViewController.swift */ = {isa = PBXFileReference; lastKnownFileType = sourcecode.swift; path = AWBViewController.swift; sourceTree = "<group>"; };
		98E7EA68215FD5D80059DBD1 /* AWBCell.swift */ = {isa = PBXFileReference; lastKnownFileType = sourcecode.swift; path = AWBCell.swift; sourceTree = "<group>"; };
		98E7EA6A215FD5F50059DBD1 /* AWBStatusCell.swift */ = {isa = PBXFileReference; lastKnownFileType = sourcecode.swift; path = AWBStatusCell.swift; sourceTree = "<group>"; };
		98E7EA6C215FD6060059DBD1 /* AWBStatusViewController.swift */ = {isa = PBXFileReference; lastKnownFileType = sourcecode.swift; path = AWBStatusViewController.swift; sourceTree = "<group>"; };
		A3FA1264A05C418B25DB8612 /* Pods-maskargo.release.xcconfig */ = {isa = PBXFileReference; includeInIndex = 1; lastKnownFileType = text.xcconfig; name = "Pods-maskargo.release.xcconfig"; path = "Pods/Target Support Files/Pods-maskargo/Pods-maskargo.release.xcconfig"; sourceTree = "<group>"; };
		B274C08C94DCE2712E8B4024 /* Pods-maskargo.debug.xcconfig */ = {isa = PBXFileReference; includeInIndex = 1; lastKnownFileType = text.xcconfig; name = "Pods-maskargo.debug.xcconfig"; path = "Pods/Target Support Files/Pods-maskargo/Pods-maskargo.debug.xcconfig"; sourceTree = "<group>"; };
/* End PBXFileReference section */

/* Begin PBXFrameworksBuildPhase section */
		9840064D214535FE0028BF79 /* Frameworks */ = {
			isa = PBXFrameworksBuildPhase;
			buildActionMask = 2147483647;
			files = (
				7673C244C2B4C7583FC98960 /* Pods_maskargo.framework in Frameworks */,
			);
			runOnlyForDeploymentPostprocessing = 0;
		};
/* End PBXFrameworksBuildPhase section */

/* Begin PBXGroup section */
		18DC3EA1FF78342BB002A331 /* Frameworks */ = {
			isa = PBXGroup;
			children = (
				551E2C36867C8A5007E9633E /* Pods_maskargo.framework */,
			);
			name = Frameworks;
			sourceTree = "<group>";
		};
		427AA14C06969BAF20F7EF07 /* Pods */ = {
			isa = PBXGroup;
			children = (
				B274C08C94DCE2712E8B4024 /* Pods-maskargo.debug.xcconfig */,
				A3FA1264A05C418B25DB8612 /* Pods-maskargo.release.xcconfig */,
			);
			name = Pods;
			sourceTree = "<group>";
		};
		98400647214535FE0028BF79 = {
			isa = PBXGroup;
			children = (
				98400652214535FE0028BF79 /* maskargo */,
				98400651214535FE0028BF79 /* Products */,
				427AA14C06969BAF20F7EF07 /* Pods */,
				18DC3EA1FF78342BB002A331 /* Frameworks */,
			);
			sourceTree = "<group>";
		};
		98400651214535FE0028BF79 /* Products */ = {
			isa = PBXGroup;
			children = (
				98400650214535FE0028BF79 /* maskargo.app */,
			);
			name = Products;
			sourceTree = "<group>";
		};
		98400652214535FE0028BF79 /* maskargo */ = {
			isa = PBXGroup;
			children = (
				98400653214535FE0028BF79 /* AppDelegate.swift */,
				98E7EA66215FD5C30059DBD1 /* AWBViewController.swift */,
				98E7EA6C215FD6060059DBD1 /* AWBStatusViewController.swift */,
				98E7EA6A215FD5F50059DBD1 /* AWBStatusCell.swift */,
				98E7EA68215FD5D80059DBD1 /* AWBCell.swift */,
				98400655214535FE0028BF79 /* ViewController.swift */,
				98400657214535FE0028BF79 /* Main.storyboard */,
				9840065A214536000028BF79 /* Assets.xcassets */,
				9840065C214536000028BF79 /* LaunchScreen.storyboard */,
				9840065F214536000028BF79 /* Info.plist */,
				984BE6812150B77400F438F9 /* Data.swift */,
				98792215217243A900A4F713 /* InformationViewController.swift */,
				987922172173466400A4F713 /* Constants.swift */,
			);
			path = maskargo;
			sourceTree = "<group>";
		};
/* End PBXGroup section */

/* Begin PBXNativeTarget section */
		9840064F214535FE0028BF79 /* maskargo */ = {
			isa = PBXNativeTarget;
			buildConfigurationList = 98400662214536000028BF79 /* Build configuration list for PBXNativeTarget "maskargo" */;
			buildPhases = (
				C77E0D485C841966D0E8BA9D /* [CP] Check Pods Manifest.lock */,
				9840064C214535FE0028BF79 /* Sources */,
				9840064D214535FE0028BF79 /* Frameworks */,
				9840064E214535FE0028BF79 /* Resources */,
				2BEC3E68B1AE01013474EAB5 /* [CP] Embed Pods Frameworks */,
			);
			buildRules = (
			);
			dependencies = (
			);
			name = maskargo;
			productName = maskargo;
			productReference = 98400650214535FE0028BF79 /* maskargo.app */;
			productType = "com.apple.product-type.application";
		};
/* End PBXNativeTarget section */

/* Begin PBXProject section */
		98400648214535FE0028BF79 /* Project object */ = {
			isa = PBXProject;
			attributes = {
				LastSwiftUpdateCheck = 0940;
				LastUpgradeCheck = 0940;
				ORGANIZATIONNAME = Ideate;
				TargetAttributes = {
					9840064F214535FE0028BF79 = {
						CreatedOnToolsVersion = 9.4.1;
						LastSwiftMigration = 1000;
					};
				};
			};
			buildConfigurationList = 9840064B214535FE0028BF79 /* Build configuration list for PBXProject "maskargo" */;
			compatibilityVersion = "Xcode 9.3";
			developmentRegion = en;
			hasScannedForEncodings = 0;
			knownRegions = (
				en,
				Base,
			);
			mainGroup = 98400647214535FE0028BF79;
			productRefGroup = 98400651214535FE0028BF79 /* Products */;
			projectDirPath = "";
			projectRoot = "";
			targets = (
				9840064F214535FE0028BF79 /* maskargo */,
			);
		};
/* End PBXProject section */

/* Begin PBXResourcesBuildPhase section */
		9840064E214535FE0028BF79 /* Resources */ = {
			isa = PBXResourcesBuildPhase;
			buildActionMask = 2147483647;
			files = (
				9840065E214536000028BF79 /* LaunchScreen.storyboard in Resources */,
				9840065B214536000028BF79 /* Assets.xcassets in Resources */,
				98400659214535FE0028BF79 /* Main.storyboard in Resources */,
			);
			runOnlyForDeploymentPostprocessing = 0;
		};
/* End PBXResourcesBuildPhase section */

/* Begin PBXShellScriptBuildPhase section */
		2BEC3E68B1AE01013474EAB5 /* [CP] Embed Pods Frameworks */ = {
			isa = PBXShellScriptBuildPhase;
			buildActionMask = 2147483647;
			files = (
			);
			inputPaths = (
				"${SRCROOT}/Pods/Target Support Files/Pods-maskargo/Pods-maskargo-frameworks.sh",
				"${BUILT_PRODUCTS_DIR}/Alamofire/Alamofire.framework",
				"${BUILT_PRODUCTS_DIR}/Hero/Hero.framework",
				"${BUILT_PRODUCTS_DIR}/Kingfisher/Kingfisher.framework",
				"${BUILT_PRODUCTS_DIR}/SnapKit/SnapKit.framework",
				"${BUILT_PRODUCTS_DIR}/Spring/Spring.framework",
				"${BUILT_PRODUCTS_DIR}/ViewAnimator/ViewAnimator.framework",
			);
			name = "[CP] Embed Pods Frameworks";
			outputPaths = (
				"${TARGET_BUILD_DIR}/${FRAMEWORKS_FOLDER_PATH}/Alamofire.framework",
				"${TARGET_BUILD_DIR}/${FRAMEWORKS_FOLDER_PATH}/Hero.framework",
				"${TARGET_BUILD_DIR}/${FRAMEWORKS_FOLDER_PATH}/Kingfisher.framework",
				"${TARGET_BUILD_DIR}/${FRAMEWORKS_FOLDER_PATH}/SnapKit.framework",
				"${TARGET_BUILD_DIR}/${FRAMEWORKS_FOLDER_PATH}/Spring.framework",
				"${TARGET_BUILD_DIR}/${FRAMEWORKS_FOLDER_PATH}/ViewAnimator.framework",
			);
			runOnlyForDeploymentPostprocessing = 0;
			shellPath = /bin/sh;
			shellScript = "\"${SRCROOT}/Pods/Target Support Files/Pods-maskargo/Pods-maskargo-frameworks.sh\"\n";
			showEnvVarsInLog = 0;
		};
		C77E0D485C841966D0E8BA9D /* [CP] Check Pods Manifest.lock */ = {
			isa = PBXShellScriptBuildPhase;
			buildActionMask = 2147483647;
			files = (
			);
			inputPaths = (
				"${PODS_PODFILE_DIR_PATH}/Podfile.lock",
				"${PODS_ROOT}/Manifest.lock",
			);
			name = "[CP] Check Pods Manifest.lock";
			outputPaths = (
				"$(DERIVED_FILE_DIR)/Pods-maskargo-checkManifestLockResult.txt",
			);
			runOnlyForDeploymentPostprocessing = 0;
			shellPath = /bin/sh;
			shellScript = "diff \"${PODS_PODFILE_DIR_PATH}/Podfile.lock\" \"${PODS_ROOT}/Manifest.lock\" > /dev/null\nif [ $? != 0 ] ; then\n    # print error to STDERR\n    echo \"error: The sandbox is not in sync with the Podfile.lock. Run 'pod install' or update your CocoaPods installation.\" >&2\n    exit 1\nfi\n# This output is used by Xcode 'outputs' to avoid re-running this script phase.\necho \"SUCCESS\" > \"${SCRIPT_OUTPUT_FILE_0}\"\n";
			showEnvVarsInLog = 0;
		};
/* End PBXShellScriptBuildPhase section */

/* Begin PBXSourcesBuildPhase section */
		9840064C214535FE0028BF79 /* Sources */ = {
			isa = PBXSourcesBuildPhase;
			buildActionMask = 2147483647;
			files = (
				98E7EA6B215FD5F50059DBD1 /* AWBStatusCell.swift in Sources */,
				98E7EA6D215FD6060059DBD1 /* AWBStatusViewController.swift in Sources */,
				98400656214535FE0028BF79 /* ViewController.swift in Sources */,
				984BE6822150B77400F438F9 /* Data.swift in Sources */,
				98E7EA69215FD5D80059DBD1 /* AWBCell.swift in Sources */,
				98400654214535FE0028BF79 /* AppDelegate.swift in Sources */,
				98E7EA67215FD5C30059DBD1 /* AWBViewController.swift in Sources */,
				98792216217243A900A4F713 /* InformationViewController.swift in Sources */,
				987922182173466400A4F713 /* Constants.swift in Sources */,
			);
			runOnlyForDeploymentPostprocessing = 0;
		};
/* End PBXSourcesBuildPhase section */

/* Begin PBXVariantGroup section */
		98400657214535FE0028BF79 /* Main.storyboard */ = {
			isa = PBXVariantGroup;
			children = (
				98400658214535FE0028BF79 /* Base */,
			);
			name = Main.storyboard;
			sourceTree = "<group>";
		};
		9840065C214536000028BF79 /* LaunchScreen.storyboard */ = {
			isa = PBXVariantGroup;
			children = (
				9840065D214536000028BF79 /* Base */,
			);
			name = LaunchScreen.storyboard;
			sourceTree = "<group>";
		};
/* End PBXVariantGroup section */

/* Begin XCBuildConfiguration section */
		98400660214536000028BF79 /* Debug */ = {
			isa = XCBuildConfiguration;
			buildSettings = {
				ALWAYS_SEARCH_USER_PATHS = NO;
				CLANG_ANALYZER_NONNULL = YES;
				CLANG_ANALYZER_NUMBER_OBJECT_CONVERSION = YES_AGGRESSIVE;
				CLANG_CXX_LANGUAGE_STANDARD = "gnu++14";
				CLANG_CXX_LIBRARY = "libc++";
				CLANG_ENABLE_MODULES = YES;
				CLANG_ENABLE_OBJC_ARC = YES;
				CLANG_ENABLE_OBJC_WEAK = YES;
				CLANG_WARN_BLOCK_CAPTURE_AUTORELEASING = YES;
				CLANG_WARN_BOOL_CONVERSION = YES;
				CLANG_WARN_COMMA = YES;
				CLANG_WARN_CONSTANT_CONVERSION = YES;
				CLANG_WARN_DEPRECATED_OBJC_IMPLEMENTATIONS = YES;
				CLANG_WARN_DIRECT_OBJC_ISA_USAGE = YES_ERROR;
				CLANG_WARN_DOCUMENTATION_COMMENTS = YES;
				CLANG_WARN_EMPTY_BODY = YES;
				CLANG_WARN_ENUM_CONVERSION = YES;
				CLANG_WARN_INFINITE_RECURSION = YES;
				CLANG_WARN_INT_CONVERSION = YES;
				CLANG_WARN_NON_LITERAL_NULL_CONVERSION = YES;
				CLANG_WARN_OBJC_IMPLICIT_RETAIN_SELF = YES;
				CLANG_WARN_OBJC_LITERAL_CONVERSION = YES;
				CLANG_WARN_OBJC_ROOT_CLASS = YES_ERROR;
				CLANG_WARN_RANGE_LOOP_ANALYSIS = YES;
				CLANG_WARN_STRICT_PROTOTYPES = YES;
				CLANG_WARN_SUSPICIOUS_MOVE = YES;
				CLANG_WARN_UNGUARDED_AVAILABILITY = YES_AGGRESSIVE;
				CLANG_WARN_UNREACHABLE_CODE = YES;
				CLANG_WARN__DUPLICATE_METHOD_MATCH = YES;
				CODE_SIGN_IDENTITY = "iPhone Developer";
				COPY_PHASE_STRIP = NO;
				DEBUG_INFORMATION_FORMAT = dwarf;
				ENABLE_STRICT_OBJC_MSGSEND = YES;
				ENABLE_TESTABILITY = YES;
				GCC_C_LANGUAGE_STANDARD = gnu11;
				GCC_DYNAMIC_NO_PIC = NO;
				GCC_NO_COMMON_BLOCKS = YES;
				GCC_OPTIMIZATION_LEVEL = 0;
				GCC_PREPROCESSOR_DEFINITIONS = (
					"DEBUG=1",
					"$(inherited)",
				);
				GCC_WARN_64_TO_32_BIT_CONVERSION = YES;
				GCC_WARN_ABOUT_RETURN_TYPE = YES_ERROR;
				GCC_WARN_UNDECLARED_SELECTOR = YES;
				GCC_WARN_UNINITIALIZED_AUTOS = YES_AGGRESSIVE;
				GCC_WARN_UNUSED_FUNCTION = YES;
				GCC_WARN_UNUSED_VARIABLE = YES;
				IPHONEOS_DEPLOYMENT_TARGET = 11.4;
				MTL_ENABLE_DEBUG_INFO = YES;
				ONLY_ACTIVE_ARCH = YES;
				SDKROOT = iphoneos;
				SWIFT_ACTIVE_COMPILATION_CONDITIONS = DEBUG;
				SWIFT_OPTIMIZATION_LEVEL = "-Onone";
			};
			name = Debug;
		};
		98400661214536000028BF79 /* Release */ = {
			isa = XCBuildConfiguration;
			buildSettings = {
				ALWAYS_SEARCH_USER_PATHS = NO;
				CLANG_ANALYZER_NONNULL = YES;
				CLANG_ANALYZER_NUMBER_OBJECT_CONVERSION = YES_AGGRESSIVE;
				CLANG_CXX_LANGUAGE_STANDARD = "gnu++14";
				CLANG_CXX_LIBRARY = "libc++";
				CLANG_ENABLE_MODULES = YES;
				CLANG_ENABLE_OBJC_ARC = YES;
				CLANG_ENABLE_OBJC_WEAK = YES;
				CLANG_WARN_BLOCK_CAPTURE_AUTORELEASING = YES;
				CLANG_WARN_BOOL_CONVERSION = YES;
				CLANG_WARN_COMMA = YES;
				CLANG_WARN_CONSTANT_CONVERSION = YES;
				CLANG_WARN_DEPRECATED_OBJC_IMPLEMENTATIONS = YES;
				CLANG_WARN_DIRECT_OBJC_ISA_USAGE = YES_ERROR;
				CLANG_WARN_DOCUMENTATION_COMMENTS = YES;
				CLANG_WARN_EMPTY_BODY = YES;
				CLANG_WARN_ENUM_CONVERSION = YES;
				CLANG_WARN_INFINITE_RECURSION = YES;
				CLANG_WARN_INT_CONVERSION = YES;
				CLANG_WARN_NON_LITERAL_NULL_CONVERSION = YES;
				CLANG_WARN_OBJC_IMPLICIT_RETAIN_SELF = YES;
				CLANG_WARN_OBJC_LITERAL_CONVERSION = YES;
				CLANG_WARN_OBJC_ROOT_CLASS = YES_ERROR;
				CLANG_WARN_RANGE_LOOP_ANALYSIS = YES;
				CLANG_WARN_STRICT_PROTOTYPES = YES;
				CLANG_WARN_SUSPICIOUS_MOVE = YES;
				CLANG_WARN_UNGUARDED_AVAILABILITY = YES_AGGRESSIVE;
				CLANG_WARN_UNREACHABLE_CODE = YES;
				CLANG_WARN__DUPLICATE_METHOD_MATCH = YES;
				CODE_SIGN_IDENTITY = "iPhone Developer";
				COPY_PHASE_STRIP = NO;
				DEBUG_INFORMATION_FORMAT = "dwarf-with-dsym";
				ENABLE_NS_ASSERTIONS = NO;
				ENABLE_STRICT_OBJC_MSGSEND = YES;
				GCC_C_LANGUAGE_STANDARD = gnu11;
				GCC_NO_COMMON_BLOCKS = YES;
				GCC_WARN_64_TO_32_BIT_CONVERSION = YES;
				GCC_WARN_ABOUT_RETURN_TYPE = YES_ERROR;
				GCC_WARN_UNDECLARED_SELECTOR = YES;
				GCC_WARN_UNINITIALIZED_AUTOS = YES_AGGRESSIVE;
				GCC_WARN_UNUSED_FUNCTION = YES;
				GCC_WARN_UNUSED_VARIABLE = YES;
				IPHONEOS_DEPLOYMENT_TARGET = 11.4;
				MTL_ENABLE_DEBUG_INFO = NO;
				SDKROOT = iphoneos;
				SWIFT_COMPILATION_MODE = wholemodule;
				SWIFT_OPTIMIZATION_LEVEL = "-O";
				VALIDATE_PRODUCT = YES;
			};
			name = Release;
		};
		98400663214536000028BF79 /* Debug */ = {
			isa = XCBuildConfiguration;
			baseConfigurationReference = B274C08C94DCE2712E8B4024 /* Pods-maskargo.debug.xcconfig */;
			buildSettings = {
				ASSETCATALOG_COMPILER_APPICON_NAME = AppIcon;
				CODE_SIGN_STYLE = Automatic;
				DEVELOPMENT_TEAM = 5XNF3487F8;
				INFOPLIST_FILE = maskargo/Info.plist;
				LD_RUNPATH_SEARCH_PATHS = (
					"$(inherited)",
					"@executable_path/Frameworks",
				);
				PRODUCT_BUNDLE_IDENTIFIER = ideate.maskargo;
				PRODUCT_NAME = "$(TARGET_NAME)";
				SWIFT_VERSION = 4.2;
				TARGETED_DEVICE_FAMILY = "1,2";
			};
			name = Debug;
		};
		98400664214536000028BF79 /* Release */ = {
			isa = XCBuildConfiguration;
			baseConfigurationReference = A3FA1264A05C418B25DB8612 /* Pods-maskargo.release.xcconfig */;
			buildSettings = {
				ASSETCATALOG_COMPILER_APPICON_NAME = AppIcon;
				CODE_SIGN_STYLE = Automatic;
				DEVELOPMENT_TEAM = 5XNF3487F8;
				INFOPLIST_FILE = maskargo/Info.plist;
				LD_RUNPATH_SEARCH_PATHS = (
					"$(inherited)",
					"@executable_path/Frameworks",
				);
				PRODUCT_BUNDLE_IDENTIFIER = ideate.maskargo;
				PRODUCT_NAME = "$(TARGET_NAME)";
				SWIFT_VERSION = 4.2;
				TARGETED_DEVICE_FAMILY = "1,2";
			};
			name = Release;
		};
/* End XCBuildConfiguration section */

/* Begin XCConfigurationList section */
		9840064B214535FE0028BF79 /* Build configuration list for PBXProject "maskargo" */ = {
			isa = XCConfigurationList;
			buildConfigurations = (
				98400660214536000028BF79 /* Debug */,
				98400661214536000028BF79 /* Release */,
			);
			defaultConfigurationIsVisible = 0;
			defaultConfigurationName = Release;
		};
		98400662214536000028BF79 /* Build configuration list for PBXNativeTarget "maskargo" */ = {
			isa = XCConfigurationList;
			buildConfigurations = (
				98400663214536000028BF79 /* Debug */,
				98400664214536000028BF79 /* Release */,
			);
			defaultConfigurationIsVisible = 0;
			defaultConfigurationName = Release;
		};
/* End XCConfigurationList section */
	};
	rootObject = 98400648214535FE0028BF79 /* Project object */;
}
